
Microsoft Visual Studio Solution File, Format Version 12.00
# Visual Studio Version 17
VisualStudioVersion = 17.10.35027.167
MinimumVisualStudioVersion = 10.0.40219.1
Project("{888888A0-9F3D-457C-B088-3A5042F75D52}") = "fanbook-message-bridge", "fanbook-message-bridge.pyproj", "{94D54529-74F0-467C-99C9-024B51053427}"
EndProject
Global
	GlobalSection(SolutionConfigurationPlatforms) = preSolution
		Debug|Any CPU = Debug|Any CPU
		Release|Any CPU = Release|Any CPU
	EndGlobalSection
	GlobalSection(ProjectConfigurationPlatforms) = postSolution
		{94D54529-74F0-467C-99C9-024B51053427}.Debug|Any CPU.ActiveCfg = Debug|Any CPU
		{94D54529-74F0-467C-99C9-024B51053427}.Release|Any CPU.ActiveCfg = Release|Any CPU
	EndGlobalSection
	GlobalSection(SolutionProperties) = preSolution
		HideSolutionNode = FALSE
	EndGlobalSection
	GlobalSection(ExtensibilityGlobals) = postSolution
		SolutionGuid = {B59C29B1-0883-4044-99F6-6AA02AD7ADC9}
	EndGlobalSection
EndGlobal
